
Microsoft Visual Studio Solution File, Format Version 12.00
# Visual Studio 14
VisualStudioVersion = 14.0.24720.0
MinimumVisualStudioVersion = 10.0.40219.1
Project("{F2A71F9B-5D33-465A-A702-920D77279786}") = "Football", "Football\Football.fsproj", "{ACBADB66-2411-4D54-AA14-72A3E8C8A7C3}"
EndProject
Project("{F2A71F9B-5D33-465A-A702-920D77279786}") = "Football.UnitTests", "Football.UnitTests\Football.UnitTests.fsproj", "{217747C8-8BEE-44D4-B5A1-97F8F79445C5}"
EndProject
Project("{2150E333-8FDC-42A3-9474-1A3956D46DE8}") = ".paket", ".paket", "{3FE5A367-CC30-45C3-B2D2-7D270FC1BA03}"
	ProjectSection(SolutionItems) = preProject
		.paket\paket.bootstrapper.exe = .paket\paket.bootstrapper.exe
		paket.dependencies = paket.dependencies
		paket.lock = paket.lock
	EndProjectSection
EndProject
Global
	GlobalSection(SolutionConfigurationPlatforms) = preSolution
		Debug|Any CPU = Debug|Any CPU
		Release|Any CPU = Release|Any CPU
	EndGlobalSection
	GlobalSection(ProjectConfigurationPlatforms) = postSolution
		{ACBADB66-2411-4D54-AA14-72A3E8C8A7C3}.Debug|Any CPU.ActiveCfg = Debug|Any CPU
		{ACBADB66-2411-4D54-AA14-72A3E8C8A7C3}.Debug|Any CPU.Build.0 = Debug|Any CPU
		{ACBADB66-2411-4D54-AA14-72A3E8C8A7C3}.Release|Any CPU.ActiveCfg = Release|Any CPU
		{ACBADB66-2411-4D54-AA14-72A3E8C8A7C3}.Release|Any CPU.Build.0 = Release|Any CPU
		{217747C8-8BEE-44D4-B5A1-97F8F79445C5}.Debug|Any CPU.ActiveCfg = Debug|Any CPU
		{217747C8-8BEE-44D4-B5A1-97F8F79445C5}.Debug|Any CPU.Build.0 = Debug|Any CPU
		{217747C8-8BEE-44D4-B5A1-97F8F79445C5}.Release|Any CPU.ActiveCfg = Release|Any CPU
		{217747C8-8BEE-44D4-B5A1-97F8F79445C5}.Release|Any CPU.Build.0 = Release|Any CPU
	EndGlobalSection
	GlobalSection(SolutionProperties) = preSolution
		HideSolutionNode = FALSE
	EndGlobalSection
EndGlobal
